// !$*UTF8*$!
{
	archiveVersion = 1;
	classes = {
	};
	objectVersion = 55;
	objects = {

/* Begin PBXBuildFile section */
		F9B5D15728AB07B500861E08 /* AppDelegate.swift in Sources */ = {isa = PBXBuildFile; fileRef = F9B5D15628AB07B500861E08 /* AppDelegate.swift */; };
		F9B5D15928AB07B500861E08 /* SceneDelegate.swift in Sources */ = {isa = PBXBuildFile; fileRef = F9B5D15828AB07B500861E08 /* SceneDelegate.swift */; };
		F9B5D15B28AB07B500861E08 /* ViewController.swift in Sources */ = {isa = PBXBuildFile; fileRef = F9B5D15A28AB07B500861E08 /* ViewController.swift */; };
		F9B5D15E28AB07B500861E08 /* Main.storyboard in Resources */ = {isa = PBXBuildFile; fileRef = F9B5D15C28AB07B500861E08 /* Main.storyboard */; };
		F9B5D16028AB07B600861E08 /* Assets.xcassets in Resources */ = {isa = PBXBuildFile; fileRef = F9B5D15F28AB07B600861E08 /* Assets.xcassets */; };
		F9B5D16328AB07B600861E08 /* LaunchScreen.storyboard in Resources */ = {isa = PBXBuildFile; fileRef = F9B5D16128AB07B600861E08 /* LaunchScreen.storyboard */; };
		F9B5D16E28AB07B700861E08 /* tf_matheus_limaTests.swift in Sources */ = {isa = PBXBuildFile; fileRef = F9B5D16D28AB07B700861E08 /* tf_matheus_limaTests.swift */; };
		F9B5D17828AB07B700861E08 /* tf_matheus_limaUITests.swift in Sources */ = {isa = PBXBuildFile; fileRef = F9B5D17728AB07B700861E08 /* tf_matheus_limaUITests.swift */; };
		F9B5D17A28AB07B700861E08 /* tf_matheus_limaUITestsLaunchTests.swift in Sources */ = {isa = PBXBuildFile; fileRef = F9B5D17928AB07B700861E08 /* tf_matheus_limaUITestsLaunchTests.swift */; };
/* End PBXBuildFile section */

/* Begin PBXContainerItemProxy section */
		F9B5D16A28AB07B700861E08 /* PBXContainerItemProxy */ = {
			isa = PBXContainerItemProxy;
			containerPortal = F9B5D14B28AB07B500861E08 /* Project object */;
			proxyType = 1;
			remoteGlobalIDString = F9B5D15228AB07B500861E08;
			remoteInfo = tf_matheus_lima;
		};
		F9B5D17428AB07B700861E08 /* PBXContainerItemProxy */ = {
			isa = PBXContainerItemProxy;
			containerPortal = F9B5D14B28AB07B500861E08 /* Project object */;
			proxyType = 1;
			remoteGlobalIDString = F9B5D15228AB07B500861E08;
			remoteInfo = tf_matheus_lima;
		};
/* End PBXContainerItemProxy section */

/* Begin PBXFileReference section */
		F9B5D15328AB07B500861E08 /* tf_matheus_lima.app */ = {isa = PBXFileReference; explicitFileType = wrapper.application; includeInIndex = 0; path = tf_matheus_lima.app; sourceTree = BUILT_PRODUCTS_DIR; };
		F9B5D15628AB07B500861E08 /* AppDelegate.swift */ = {isa = PBXFileReference; lastKnownFileType = sourcecode.swift; path = AppDelegate.swift; sourceTree = "<group>"; };
		F9B5D15828AB07B500861E08 /* SceneDelegate.swift */ = {isa = PBXFileReference; lastKnownFileType = sourcecode.swift; path = SceneDelegate.swift; sourceTree = "<group>"; };
		F9B5D15A28AB07B500861E08 /* ViewController.swift */ = {isa = PBXFileReference; lastKnownFileType = sourcecode.swift; path = ViewController.swift; sourceTree = "<group>"; };
		F9B5D15D28AB07B500861E08 /* Base */ = {isa = PBXFileReference; lastKnownFileType = file.storyboard; name = Base; path = Base.lproj/Main.storyboard; sourceTree = "<group>"; };
		F9B5D15F28AB07B600861E08 /* Assets.xcassets */ = {isa = PBXFileReference; lastKnownFileType = folder.assetcatalog; path = Assets.xcassets; sourceTree = "<group>"; };
		F9B5D16228AB07B600861E08 /* Base */ = {isa = PBXFileReference; lastKnownFileType = file.storyboard; name = Base; path = Base.lproj/LaunchScreen.storyboard; sourceTree = "<group>"; };
		F9B5D16428AB07B600861E08 /* Info.plist */ = {isa = PBXFileReference; lastKnownFileType = text.plist.xml; path = Info.plist; sourceTree = "<group>"; };
		F9B5D16928AB07B700861E08 /* tf_matheus_limaTests.xctest */ = {isa = PBXFileReference; explicitFileType = wrapper.cfbundle; includeInIndex = 0; path = tf_matheus_limaTests.xctest; sourceTree = BUILT_PRODUCTS_DIR; };
		F9B5D16D28AB07B700861E08 /* tf_matheus_limaTests.swift */ = {isa = PBXFileReference; lastKnownFileType = sourcecode.swift; path = tf_matheus_limaTests.swift; sourceTree = "<group>"; };
		F9B5D17328AB07B700861E08 /* tf_matheus_limaUITests.xctest */ = {isa = PBXFileReference; explicitFileType = wrapper.cfbundle; includeInIndex = 0; path = tf_matheus_limaUITests.xctest; sourceTree = BUILT_PRODUCTS_DIR; };
		F9B5D17728AB07B700861E08 /* tf_matheus_limaUITests.swift */ = {isa = PBXFileReference; lastKnownFileType = sourcecode.swift; path = tf_matheus_limaUITests.swift; sourceTree = "<group>"; };
		F9B5D17928AB07B700861E08 /* tf_matheus_limaUITestsLaunchTests.swift */ = {isa = PBXFileReference; lastKnownFileType = sourcecode.swift; path = tf_matheus_limaUITestsLaunchTests.swift; sourceTree = "<group>"; };
/* End PBXFileReference section */

/* Begin PBXFrameworksBuildPhase section */
		F9B5D15028AB07B500861E08 /* Frameworks */ = {
			isa = PBXFrameworksBuildPhase;
			buildActionMask = 2147483647;
			files = (
			);
			runOnlyForDeploymentPostprocessing = 0;
		};
		F9B5D16628AB07B700861E08 /* Frameworks */ = {
			isa = PBXFrameworksBuildPhase;
			buildActionMask = 2147483647;
			files = (
			);
			runOnlyForDeploymentPostprocessing = 0;
		};
		F9B5D17028AB07B700861E08 /* Frameworks */ = {
			isa = PBXFrameworksBuildPhase;
			buildActionMask = 2147483647;
			files = (
			);
			runOnlyForDeploymentPostprocessing = 0;
		};
/* End PBXFrameworksBuildPhase section */

/* Begin PBXGroup section */
		F9B5D14A28AB07B500861E08 = {
			isa = PBXGroup;
			children = (
				F9B5D15528AB07B500861E08 /* tf_matheus_lima */,
				F9B5D16C28AB07B700861E08 /* tf_matheus_limaTests */,
				F9B5D17628AB07B700861E08 /* tf_matheus_limaUITests */,
				F9B5D15428AB07B500861E08 /* Products */,
			);
			sourceTree = "<group>";
		};
		F9B5D15428AB07B500861E08 /* Products */ = {
			isa = PBXGroup;
			children = (
				F9B5D15328AB07B500861E08 /* tf_matheus_lima.app */,
				F9B5D16928AB07B700861E08 /* tf_matheus_limaTests.xctest */,
				F9B5D17328AB07B700861E08 /* tf_matheus_limaUITests.xctest */,
			);
			name = Products;
			sourceTree = "<group>";
		};
		F9B5D15528AB07B500861E08 /* tf_matheus_lima */ = {
			isa = PBXGroup;
			children = (
				F9B5D15628AB07B500861E08 /* AppDelegate.swift */,
				F9B5D15828AB07B500861E08 /* SceneDelegate.swift */,
				F9B5D15A28AB07B500861E08 /* ViewController.swift */,
				F9B5D15C28AB07B500861E08 /* Main.storyboard */,
				F9B5D15F28AB07B600861E08 /* Assets.xcassets */,
				F9B5D16128AB07B600861E08 /* LaunchScreen.storyboard */,
				F9B5D16428AB07B600861E08 /* Info.plist */,
			);
			path = tf_matheus_lima;
			sourceTree = "<group>";
		};
		F9B5D16C28AB07B700861E08 /* tf_matheus_limaTests */ = {
			isa = PBXGroup;
			children = (
				F9B5D16D28AB07B700861E08 /* tf_matheus_limaTests.swift */,
			);
			path = tf_matheus_limaTests;
			sourceTree = "<group>";
		};
		F9B5D17628AB07B700861E08 /* tf_matheus_limaUITests */ = {
			isa = PBXGroup;
			children = (
				F9B5D17728AB07B700861E08 /* tf_matheus_limaUITests.swift */,
				F9B5D17928AB07B700861E08 /* tf_matheus_limaUITestsLaunchTests.swift */,
			);
			path = tf_matheus_limaUITests;
			sourceTree = "<group>";
		};
/* End PBXGroup section */

/* Begin PBXNativeTarget section */
		F9B5D15228AB07B500861E08 /* tf_matheus_lima */ = {
			isa = PBXNativeTarget;
			buildConfigurationList = F9B5D17D28AB07B700861E08 /* Build configuration list for PBXNativeTarget "tf_matheus_lima" */;
			buildPhases = (
				F9B5D14F28AB07B500861E08 /* Sources */,
				F9B5D15028AB07B500861E08 /* Frameworks */,
				F9B5D15128AB07B500861E08 /* Resources */,
			);
			buildRules = (
			);
			dependencies = (
			);
			name = tf_matheus_lima;
			productName = tf_matheus_lima;
			productReference = F9B5D15328AB07B500861E08 /* tf_matheus_lima.app */;
			productType = "com.apple.product-type.application";
		};
		F9B5D16828AB07B700861E08 /* tf_matheus_limaTests */ = {
			isa = PBXNativeTarget;
			buildConfigurationList = F9B5D18028AB07B700861E08 /* Build configuration list for PBXNativeTarget "tf_matheus_limaTests" */;
			buildPhases = (
				F9B5D16528AB07B700861E08 /* Sources */,
				F9B5D16628AB07B700861E08 /* Frameworks */,
				F9B5D16728AB07B700861E08 /* Resources */,
			);
			buildRules = (
			);
			dependencies = (
				F9B5D16B28AB07B700861E08 /* PBXTargetDependency */,
			);
			name = tf_matheus_limaTests;
			productName = tf_matheus_limaTests;
			productReference = F9B5D16928AB07B700861E08 /* tf_matheus_limaTests.xctest */;
			productType = "com.apple.product-type.bundle.unit-test";
		};
		F9B5D17228AB07B700861E08 /* tf_matheus_limaUITests */ = {
			isa = PBXNativeTarget;
			buildConfigurationList = F9B5D18328AB07B700861E08 /* Build configuration list for PBXNativeTarget "tf_matheus_limaUITests" */;
			buildPhases = (
				F9B5D16F28AB07B700861E08 /* Sources */,
				F9B5D17028AB07B700861E08 /* Frameworks */,
				F9B5D17128AB07B700861E08 /* Resources */,
			);
			buildRules = (
			);
			dependencies = (
				F9B5D17528AB07B700861E08 /* PBXTargetDependency */,
			);
			name = tf_matheus_limaUITests;
			productName = tf_matheus_limaUITests;
			productReference = F9B5D17328AB07B700861E08 /* tf_matheus_limaUITests.xctest */;
			productType = "com.apple.product-type.bundle.ui-testing";
		};
/* End PBXNativeTarget section */

/* Begin PBXProject section */
		F9B5D14B28AB07B500861E08 /* Project object */ = {
			isa = PBXProject;
			attributes = {
				BuildIndependentTargetsInParallel = 1;
				LastSwiftUpdateCheck = 1340;
				LastUpgradeCheck = 1340;
				TargetAttributes = {
					F9B5D15228AB07B500861E08 = {
						CreatedOnToolsVersion = 13.4.1;
					};
					F9B5D16828AB07B700861E08 = {
						CreatedOnToolsVersion = 13.4.1;
						TestTargetID = F9B5D15228AB07B500861E08;
					};
					F9B5D17228AB07B700861E08 = {
						CreatedOnToolsVersion = 13.4.1;
						TestTargetID = F9B5D15228AB07B500861E08;
					};
				};
			};
			buildConfigurationList = F9B5D14E28AB07B500861E08 /* Build configuration list for PBXProject "tf_matheus_lima" */;
			compatibilityVersion = "Xcode 13.0";
			developmentRegion = en;
			hasScannedForEncodings = 0;
			knownRegions = (
				en,
				Base,
			);
			mainGroup = F9B5D14A28AB07B500861E08;
			productRefGroup = F9B5D15428AB07B500861E08 /* Products */;
			projectDirPath = "";
			projectRoot = "";
			targets = (
				F9B5D15228AB07B500861E08 /* tf_matheus_lima */,
				F9B5D16828AB07B700861E08 /* tf_matheus_limaTests */,
				F9B5D17228AB07B700861E08 /* tf_matheus_limaUITests */,
			);
		};
/* End PBXProject section */

/* Begin PBXResourcesBuildPhase section */
		F9B5D15128AB07B500861E08 /* Resources */ = {
			isa = PBXResourcesBuildPhase;
			buildActionMask = 2147483647;
			files = (
				F9B5D16328AB07B600861E08 /* LaunchScreen.storyboard in Resources */,
				F9B5D16028AB07B600861E08 /* Assets.xcassets in Resources */,
				F9B5D15E28AB07B500861E08 /* Main.storyboard in Resources */,
			);
			runOnlyForDeploymentPostprocessing = 0;
		};
		F9B5D16728AB07B700861E08 /* Resources */ = {
			isa = PBXResourcesBuildPhase;
			buildActionMask = 2147483647;
			files = (
			);
			runOnlyForDeploymentPostprocessing = 0;
		};
		F9B5D17128AB07B700861E08 /* Resources */ = {
			isa = PBXResourcesBuildPhase;
			buildActionMask = 2147483647;
			files = (
			);
			runOnlyForDeploymentPostprocessing = 0;
		};
/* End PBXResourcesBuildPhase section */

/* Begin PBXSourcesBuildPhase section */
		F9B5D14F28AB07B500861E08 /* Sources */ = {
			isa = PBXSourcesBuildPhase;
			buildActionMask = 2147483647;
			files = (
				F9B5D15B28AB07B500861E08 /* ViewController.swift in Sources */,
				F9B5D15728AB07B500861E08 /* AppDelegate.swift in Sources */,
				F9B5D15928AB07B500861E08 /* SceneDelegate.swift in Sources */,
			);
			runOnlyForDeploymentPostprocessing = 0;
		};
		F9B5D16528AB07B700861E08 /* Sources */ = {
			isa = PBXSourcesBuildPhase;
			buildActionMask = 2147483647;
			files = (
				F9B5D16E28AB07B700861E08 /* tf_matheus_limaTests.swift in Sources */,
			);
			runOnlyForDeploymentPostprocessing = 0;
		};
		F9B5D16F28AB07B700861E08 /* Sources */ = {
			isa = PBXSourcesBuildPhase;
			buildActionMask = 2147483647;
			files = (
				F9B5D17828AB07B700861E08 /* tf_matheus_limaUITests.swift in Sources */,
				F9B5D17A28AB07B700861E08 /* tf_matheus_limaUITestsLaunchTests.swift in Sources */,
			);
			runOnlyForDeploymentPostprocessing = 0;
		};
/* End PBXSourcesBuildPhase section */

/* Begin PBXTargetDependency section */
		F9B5D16B28AB07B700861E08 /* PBXTargetDependency */ = {
			isa = PBXTargetDependency;
			target = F9B5D15228AB07B500861E08 /* tf_matheus_lima */;
			targetProxy = F9B5D16A28AB07B700861E08 /* PBXContainerItemProxy */;
		};
		F9B5D17528AB07B700861E08 /* PBXTargetDependency */ = {
			isa = PBXTargetDependency;
			target = F9B5D15228AB07B500861E08 /* tf_matheus_lima */;
			targetProxy = F9B5D17428AB07B700861E08 /* PBXContainerItemProxy */;
		};
/* End PBXTargetDependency section */

/* Begin PBXVariantGroup section */
		F9B5D15C28AB07B500861E08 /* Main.storyboard */ = {
			isa = PBXVariantGroup;
			children = (
				F9B5D15D28AB07B500861E08 /* Base */,
			);
			name = Main.storyboard;
			sourceTree = "<group>";
		};
		F9B5D16128AB07B600861E08 /* LaunchScreen.storyboard */ = {
			isa = PBXVariantGroup;
			children = (
				F9B5D16228AB07B600861E08 /* Base */,
			);
			name = LaunchScreen.storyboard;
			sourceTree = "<group>";
		};
/* End PBXVariantGroup section */

/* Begin XCBuildConfiguration section */
		F9B5D17B28AB07B700861E08 /* Debug */ = {
			isa = XCBuildConfiguration;
			buildSettings = {
				ALWAYS_SEARCH_USER_PATHS = NO;
				CLANG_ANALYZER_NONNULL = YES;
				CLANG_ANALYZER_NUMBER_OBJECT_CONVERSION = YES_AGGRESSIVE;
				CLANG_CXX_LANGUAGE_STANDARD = "gnu++17";
				CLANG_ENABLE_MODULES = YES;
				CLANG_ENABLE_OBJC_ARC = YES;
				CLANG_ENABLE_OBJC_WEAK = YES;
				CLANG_WARN_BLOCK_CAPTURE_AUTORELEASING = YES;
				CLANG_WARN_BOOL_CONVERSION = YES;
				CLANG_WARN_COMMA = YES;
				CLANG_WARN_CONSTANT_CONVERSION = YES;
				CLANG_WARN_DEPRECATED_OBJC_IMPLEMENTATIONS = YES;
				CLANG_WARN_DIRECT_OBJC_ISA_USAGE = YES_ERROR;
				CLANG_WARN_DOCUMENTATION_COMMENTS = YES;
				CLANG_WARN_EMPTY_BODY = YES;
				CLANG_WARN_ENUM_CONVERSION = YES;
				CLANG_WARN_INFINITE_RECURSION = YES;
				CLANG_WARN_INT_CONVERSION = YES;
				CLANG_WARN_NON_LITERAL_NULL_CONVERSION = YES;
				CLANG_WARN_OBJC_IMPLICIT_RETAIN_SELF = YES;
				CLANG_WARN_OBJC_LITERAL_CONVERSION = YES;
				CLANG_WARN_OBJC_ROOT_CLASS = YES_ERROR;
				CLANG_WARN_QUOTED_INCLUDE_IN_FRAMEWORK_HEADER = YES;
				CLANG_WARN_RANGE_LOOP_ANALYSIS = YES;
				CLANG_WARN_STRICT_PROTOTYPES = YES;
				CLANG_WARN_SUSPICIOUS_MOVE = YES;
				CLANG_WARN_UNGUARDED_AVAILABILITY = YES_AGGRESSIVE;
				CLANG_WARN_UNREACHABLE_CODE = YES;
				CLANG_WARN__DUPLICATE_METHOD_MATCH = YES;
				COPY_PHASE_STRIP = NO;
				DEBUG_INFORMATION_FORMAT = dwarf;
				ENABLE_STRICT_OBJC_MSGSEND = YES;
				ENABLE_TESTABILITY = YES;
				GCC_C_LANGUAGE_STANDARD = gnu11;
				GCC_DYNAMIC_NO_PIC = NO;
				GCC_NO_COMMON_BLOCKS = YES;
				GCC_OPTIMIZATION_LEVEL = 0;
				GCC_PREPROCESSOR_DEFINITIONS = (
					"DEBUG=1",
					"$(inherited)",
				);
				GCC_WARN_64_TO_32_BIT_CONVERSION = YES;
				GCC_WARN_ABOUT_RETURN_TYPE = YES_ERROR;
				GCC_WARN_UNDECLARED_SELECTOR = YES;
				GCC_WARN_UNINITIALIZED_AUTOS = YES_AGGRESSIVE;
				GCC_WARN_UNUSED_FUNCTION = YES;
				GCC_WARN_UNUSED_VARIABLE = YES;
				IPHONEOS_DEPLOYMENT_TARGET = 15.5;
				MTL_ENABLE_DEBUG_INFO = INCLUDE_SOURCE;
				MTL_FAST_MATH = YES;
				ONLY_ACTIVE_ARCH = YES;
				SDKROOT = iphoneos;
				SWIFT_ACTIVE_COMPILATION_CONDITIONS = DEBUG;
				SWIFT_OPTIMIZATION_LEVEL = "-Onone";
			};
			name = Debug;
		};
		F9B5D17C28AB07B700861E08 /* Release */ = {
			isa = XCBuildConfiguration;
			buildSettings = {
				ALWAYS_SEARCH_USER_PATHS = NO;
				CLANG_ANALYZER_NONNULL = YES;
				CLANG_ANALYZER_NUMBER_OBJECT_CONVERSION = YES_AGGRESSIVE;
				CLANG_CXX_LANGUAGE_STANDARD = "gnu++17";
				CLANG_ENABLE_MODULES = YES;
				CLANG_ENABLE_OBJC_ARC = YES;
				CLANG_ENABLE_OBJC_WEAK = YES;
				CLANG_WARN_BLOCK_CAPTURE_AUTORELEASING = YES;
				CLANG_WARN_BOOL_CONVERSION = YES;
				CLANG_WARN_COMMA = YES;
				CLANG_WARN_CONSTANT_CONVERSION = YES;
				CLANG_WARN_DEPRECATED_OBJC_IMPLEMENTATIONS = YES;
				CLANG_WARN_DIRECT_OBJC_ISA_USAGE = YES_ERROR;
				CLANG_WARN_DOCUMENTATION_COMMENTS = YES;
				CLANG_WARN_EMPTY_BODY = YES;
				CLANG_WARN_ENUM_CONVERSION = YES;
				CLANG_WARN_INFINITE_RECURSION = YES;
				CLANG_WARN_INT_CONVERSION = YES;
				CLANG_WARN_NON_LITERAL_NULL_CONVERSION = YES;
				CLANG_WARN_OBJC_IMPLICIT_RETAIN_SELF = YES;
				CLANG_WARN_OBJC_LITERAL_CONVERSION = YES;
				CLANG_WARN_OBJC_ROOT_CLASS = YES_ERROR;
				CLANG_WARN_QUOTED_INCLUDE_IN_FRAMEWORK_HEADER = YES;
				CLANG_WARN_RANGE_LOOP_ANALYSIS = YES;
				CLANG_WARN_STRICT_PROTOTYPES = YES;
				CLANG_WARN_SUSPICIOUS_MOVE = YES;
				CLANG_WARN_UNGUARDED_AVAILABILITY = YES_AGGRESSIVE;
				CLANG_WARN_UNREACHABLE_CODE = YES;
				CLANG_WARN__DUPLICATE_METHOD_MATCH = YES;
				COPY_PHASE_STRIP = NO;
				DEBUG_INFORMATION_FORMAT = "dwarf-with-dsym";
				ENABLE_NS_ASSERTIONS = NO;
				ENABLE_STRICT_OBJC_MSGSEND = YES;
				GCC_C_LANGUAGE_STANDARD = gnu11;
				GCC_NO_COMMON_BLOCKS = YES;
				GCC_WARN_64_TO_32_BIT_CONVERSION = YES;
				GCC_WARN_ABOUT_RETURN_TYPE = YES_ERROR;
				GCC_WARN_UNDECLARED_SELECTOR = YES;
				GCC_WARN_UNINITIALIZED_AUTOS = YES_AGGRESSIVE;
				GCC_WARN_UNUSED_FUNCTION = YES;
				GCC_WARN_UNUSED_VARIABLE = YES;
				IPHONEOS_DEPLOYMENT_TARGET = 15.5;
				MTL_ENABLE_DEBUG_INFO = NO;
				MTL_FAST_MATH = YES;
				SDKROOT = iphoneos;
				SWIFT_COMPILATION_MODE = wholemodule;
				SWIFT_OPTIMIZATION_LEVEL = "-O";
				VALIDATE_PRODUCT = YES;
			};
			name = Release;
		};
		F9B5D17E28AB07B700861E08 /* Debug */ = {
			isa = XCBuildConfiguration;
			buildSettings = {
				ASSETCATALOG_COMPILER_APPICON_NAME = AppIcon;
				ASSETCATALOG_COMPILER_GLOBAL_ACCENT_COLOR_NAME = AccentColor;
				CODE_SIGN_STYLE = Automatic;
				CURRENT_PROJECT_VERSION = 1;
				GENERATE_INFOPLIST_FILE = YES;
				INFOPLIST_FILE = tf_matheus_lima/Info.plist;
				INFOPLIST_KEY_UIApplicationSupportsIndirectInputEvents = YES;
				INFOPLIST_KEY_UILaunchStoryboardName = LaunchScreen;
				INFOPLIST_KEY_UIMainStoryboardFile = Main;
				INFOPLIST_KEY_UISupportedInterfaceOrientations_iPad = "UIInterfaceOrientationPortrait UIInterfaceOrientationPortraitUpsideDown UIInterfaceOrientationLandscapeLeft UIInterfaceOrientationLandscapeRight";
				INFOPLIST_KEY_UISupportedInterfaceOrientations_iPhone = "UIInterfaceOrientationPortrait UIInterfaceOrientationLandscapeLeft UIInterfaceOrientationLandscapeRight";
				LD_RUNPATH_SEARCH_PATHS = (
					"$(inherited)",
					"@executable_path/Frameworks",
				);
				MARKETING_VERSION = 1.0;
				PRODUCT_BUNDLE_IDENTIFIER = "br.pucmg.aula02.tf-matheus-lima";
				PRODUCT_NAME = "$(TARGET_NAME)";
				SWIFT_EMIT_LOC_STRINGS = YES;
				SWIFT_VERSION = 5.0;
				TARGETED_DEVICE_FAMILY = "1,2";
			};
			name = Debug;
		};
		F9B5D17F28AB07B700861E08 /* Release */ = {
			isa = XCBuildConfiguration;
			buildSettings = {
				ASSETCATALOG_COMPILER_APPICON_NAME = AppIcon;
				ASSETCATALOG_COMPILER_GLOBAL_ACCENT_COLOR_NAME = AccentColor;
				CODE_SIGN_STYLE = Automatic;
				CURRENT_PROJECT_VERSION = 1;
				GENERATE_INFOPLIST_FILE = YES;
				INFOPLIST_FILE = tf_matheus_lima/Info.plist;
				INFOPLIST_KEY_UIApplicationSupportsIndirectInputEvents = YES;
				INFOPLIST_KEY_UILaunchStoryboardName = LaunchScreen;
				INFOPLIST_KEY_UIMainStoryboardFile = Main;
				INFOPLIST_KEY_UISupportedInterfaceOrientations_iPad = "UIInterfaceOrientationPortrait UIInterfaceOrientationPortraitUpsideDown UIInterfaceOrientationLandscapeLeft UIInterfaceOrientationLandscapeRight";
				INFOPLIST_KEY_UISupportedInterfaceOrientations_iPhone = "UIInterfaceOrientationPortrait UIInterfaceOrientationLandscapeLeft UIInterfaceOrientationLandscapeRight";
				LD_RUNPATH_SEARCH_PATHS = (
					"$(inherited)",
					"@executable_path/Frameworks",
				);
				MARKETING_VERSION = 1.0;
				PRODUCT_BUNDLE_IDENTIFIER = "br.pucmg.aula02.tf-matheus-lima";
				PRODUCT_NAME = "$(TARGET_NAME)";
				SWIFT_EMIT_LOC_STRINGS = YES;
				SWIFT_VERSION = 5.0;
				TARGETED_DEVICE_FAMILY = "1,2";
			};
			name = Release;
		};
		F9B5D18128AB07B700861E08 /* Debug */ = {
			isa = XCBuildConfiguration;
			buildSettings = {
				ALWAYS_EMBED_SWIFT_STANDARD_LIBRARIES = YES;
				BUNDLE_LOADER = "$(TEST_HOST)";
				CODE_SIGN_STYLE = Automatic;
				CURRENT_PROJECT_VERSION = 1;
				GENERATE_INFOPLIST_FILE = YES;
				IPHONEOS_DEPLOYMENT_TARGET = 15.5;
				MARKETING_VERSION = 1.0;
				PRODUCT_BUNDLE_IDENTIFIER = "br.pucmg.aula02.tf-matheus-limaTests";
				PRODUCT_NAME = "$(TARGET_NAME)";
				SWIFT_EMIT_LOC_STRINGS = NO;
				SWIFT_VERSION = 5.0;
				TARGETED_DEVICE_FAMILY = "1,2";
				TEST_HOST = "$(BUILT_PRODUCTS_DIR)/tf_matheus_lima.app/tf_matheus_lima";
			};
			name = Debug;
		};
		F9B5D18228AB07B700861E08 /* Release */ = {
			isa = XCBuildConfiguration;
			buildSettings = {
				ALWAYS_EMBED_SWIFT_STANDARD_LIBRARIES = YES;
				BUNDLE_LOADER = "$(TEST_HOST)";
				CODE_SIGN_STYLE = Automatic;
				CURRENT_PROJECT_VERSION = 1;
				GENERATE_INFOPLIST_FILE = YES;
				IPHONEOS_DEPLOYMENT_TARGET = 15.5;
				MARKETING_VERSION = 1.0;
				PRODUCT_BUNDLE_IDENTIFIER = "br.pucmg.aula02.tf-matheus-limaTests";
				PRODUCT_NAME = "$(TARGET_NAME)";
				SWIFT_EMIT_LOC_STRINGS = NO;
				SWIFT_VERSION = 5.0;
				TARGETED_DEVICE_FAMILY = "1,2";
				TEST_HOST = "$(BUILT_PRODUCTS_DIR)/tf_matheus_lima.app/tf_matheus_lima";
			};
			name = Release;
		};
		F9B5D18428AB07B700861E08 /* Debug */ = {
			isa = XCBuildConfiguration;
			buildSettings = {
				ALWAYS_EMBED_SWIFT_STANDARD_LIBRARIES = YES;
				CODE_SIGN_STYLE = Automatic;
				CURRENT_PROJECT_VERSION = 1;
				GENERATE_INFOPLIST_FILE = YES;
				MARKETING_VERSION = 1.0;
				PRODUCT_BUNDLE_IDENTIFIER = "br.pucmg.aula02.tf-matheus-limaUITests";
				PRODUCT_NAME = "$(TARGET_NAME)";
				SWIFT_EMIT_LOC_STRINGS = NO;
				SWIFT_VERSION = 5.0;
				TARGETED_DEVICE_FAMILY = "1,2";
				TEST_TARGET_NAME = tf_matheus_lima;
			};
			name = Debug;
		};
		F9B5D18528AB07B700861E08 /* Release */ = {
			isa = XCBuildConfiguration;
			buildSettings = {
				ALWAYS_EMBED_SWIFT_STANDARD_LIBRARIES = YES;
				CODE_SIGN_STYLE = Automatic;
				CURRENT_PROJECT_VERSION = 1;
				GENERATE_INFOPLIST_FILE = YES;
				MARKETING_VERSION = 1.0;
				PRODUCT_BUNDLE_IDENTIFIER = "br.pucmg.aula02.tf-matheus-limaUITests";
				PRODUCT_NAME = "$(TARGET_NAME)";
				SWIFT_EMIT_LOC_STRINGS = NO;
				SWIFT_VERSION = 5.0;
				TARGETED_DEVICE_FAMILY = "1,2";
				TEST_TARGET_NAME = tf_matheus_lima;
			};
			name = Release;
		};
/* End XCBuildConfiguration section */

/* Begin XCConfigurationList section */
		F9B5D14E28AB07B500861E08 /* Build configuration list for PBXProject "tf_matheus_lima" */ = {
			isa = XCConfigurationList;
			buildConfigurations = (
				F9B5D17B28AB07B700861E08 /* Debug */,
				F9B5D17C28AB07B700861E08 /* Release */,
			);
			defaultConfigurationIsVisible = 0;
			defaultConfigurationName = Release;
		};
		F9B5D17D28AB07B700861E08 /* Build configuration list for PBXNativeTarget "tf_matheus_lima" */ = {
			isa = XCConfigurationList;
			buildConfigurations = (
				F9B5D17E28AB07B700861E08 /* Debug */,
				F9B5D17F28AB07B700861E08 /* Release */,
			);
			defaultConfigurationIsVisible = 0;
			defaultConfigurationName = Release;
		};
		F9B5D18028AB07B700861E08 /* Build configuration list for PBXNativeTarget "tf_matheus_limaTests" */ = {
			isa = XCConfigurationList;
			buildConfigurations = (
				F9B5D18128AB07B700861E08 /* Debug */,
				F9B5D18228AB07B700861E08 /* Release */,
			);
			defaultConfigurationIsVisible = 0;
			defaultConfigurationName = Release;
		};
		F9B5D18328AB07B700861E08 /* Build configuration list for PBXNativeTarget "tf_matheus_limaUITests" */ = {
			isa = XCConfigurationList;
			buildConfigurations = (
				F9B5D18428AB07B700861E08 /* Debug */,
				F9B5D18528AB07B700861E08 /* Release */,
			);
			defaultConfigurationIsVisible = 0;
			defaultConfigurationName = Release;
		};
/* End XCConfigurationList section */
	};
	rootObject = F9B5D14B28AB07B500861E08 /* Project object */;
}
